<?xml version="1.0" encoding="utf-8"?>
<Project ToolsVersion="4.0" xmlns="http://schemas.microsoft.com/developer/msbuild/2003">
  <ItemGroup>
    <Filter Include="CMUgraphicsLib">
      <UniqueIdentifier>{b6ef5278-5399-4c20-8631-3a47fa20276d}</UniqueIdentifier>
    </Filter>
    <Filter Include="CMUgraphicsLib\JPEG">
      <UniqueIdentifier>{74881736-22be-4b44-90b6-09a29eb1aa85}</UniqueIdentifier>
    </Filter>
    <Filter Include="GUIClasses">
      <UniqueIdentifier>{03fd4e0d-92e0-4271-bb9b-d6e9f21ec35f}</UniqueIdentifier>
    </Filter>
    <Filter Include="ActionImps">
      <UniqueIdentifier>{d03a3039-1e71-4822-9192-6b489dbcbf52}</UniqueIdentifier>
    </Filter>
    <Filter Include="ActionHeaders">
      <UniqueIdentifier>{164ebf78-bb43-4f23-a5bb-4517697f53cf}</UniqueIdentifier>
    </Filter>
    <Filter Include="GameObjectImps">
      <UniqueIdentifier>{f60fc5e3-9849-45b1-b07d-c6c121b7667b}</UniqueIdentifier>
    </Filter>
    <Filter Include="GameObjectHeaders">
      <UniqueIdentifier>{f4522c2c-45e8-4e33-8115-5d548df33b04}</UniqueIdentifier>
    </Filter>
    <Filter Include="Util">
      <UniqueIdentifier>{31bd5a7c-b1f1-4a24-868b-3ed452fbbdcb}</UniqueIdentifier>
    </Filter>
  </ItemGroup>
  <ItemGroup>
    <ClCompile Include="CMUgraphicsLib\auxil.cpp">
      <Filter>CMUgraphicsLib</Filter>
    </ClCompile>
    <ClCompile Include="CMUgraphicsLib\CMUgraphics.cpp">
      <Filter>CMUgraphicsLib</Filter>
    </ClCompile>
    <ClCompile Include="CMUgraphicsLib\image.cpp">
      <Filter>CMUgraphicsLib</Filter>
    </ClCompile>
    <ClCompile Include="CMUgraphicsLib\jpegload.c">
      <Filter>CMUgraphicsLib</Filter>
    </ClCompile>
    <ClCompile Include="CMUgraphicsLib\keyqueue.cpp">
      <Filter>CMUgraphicsLib</Filter>
    </ClCompile>
    <ClCompile Include="CMUgraphicsLib\mousequeue.cpp">
      <Filter>CMUgraphicsLib</Filter>
    </ClCompile>
    <ClCompile Include="CMUgraphicsLib\windowinput.cpp">
      <Filter>CMUgraphicsLib</Filter>
    </ClCompile>
    <ClCompile Include="CMUgraphicsLib\jpeg\jcomapi.c">
      <Filter>CMUgraphicsLib\JPEG</Filter>
    </ClCompile>
    <ClCompile Include="CMUgraphicsLib\jpeg\jcparam.c">
      <Filter>CMUgraphicsLib\JPEG</Filter>
    </ClCompile>
    <ClCompile Include="CMUgraphicsLib\jpeg\jdapimin.c">
      <Filter>CMUgraphicsLib\JPEG</Filter>
    </ClCompile>
    <ClCompile Include="CMUgraphicsLib\jpeg\jdapistd.c">
      <Filter>CMUgraphicsLib\JPEG</Filter>
    </ClCompile>
    <ClCompile Include="CMUgraphicsLib\jpeg\jdatasrc.c">
      <Filter>CMUgraphicsLib\JPEG</Filter>
    </ClCompile>
    <ClCompile Include="CMUgraphicsLib\jpeg\jdcoefct.c">
      <Filter>CMUgraphicsLib\JPEG</Filter>
    </ClCompile>
    <ClCompile Include="CMUgraphicsLib\jpeg\jdcolor.c">
      <Filter>CMUgraphicsLib\JPEG</Filter>
    </ClCompile>
    <ClCompile Include="CMUgraphicsLib\jpeg\jddctmgr.c">
      <Filter>CMUgraphicsLib\JPEG</Filter>
    </ClCompile>
    <ClCompile Include="CMUgraphicsLib\jpeg\jdhuff.c">
      <Filter>CMUgraphicsLib\JPEG</Filter>
    </ClCompile>
    <ClCompile Include="CMUgraphicsLib\jpeg\jdinput.c">
      <Filter>CMUgraphicsLib\JPEG</Filter>
    </ClCompile>
    <ClCompile Include="CMUgraphicsLib\jpeg\jdmainct.c">
      <Filter>CMUgraphicsLib\JPEG</Filter>
    </ClCompile>
    <ClCompile Include="CMUgraphicsLib\jpeg\jdmarker.c">
      <Filter>CMUgraphicsLib\JPEG</Filter>
    </ClCompile>
    <ClCompile Include="CMUgraphicsLib\jpeg\jdmaster.c">
      <Filter>CMUgraphicsLib\JPEG</Filter>
    </ClCompile>
    <ClCompile Include="CMUgraphicsLib\jpeg\jdmerge.c">
      <Filter>CMUgraphicsLib\JPEG</Filter>
    </ClCompile>
    <ClCompile Include="CMUgraphicsLib\jpeg\jdphuff.c">
      <Filter>CMUgraphicsLib\JPEG</Filter>
    </ClCompile>
    <ClCompile Include="CMUgraphicsLib\jpeg\jdpostct.c">
      <Filter>CMUgraphicsLib\JPEG</Filter>
    </ClCompile>
    <ClCompile Include="CMUgraphicsLib\jpeg\jdsample.c">
      <Filter>CMUgraphicsLib\JPEG</Filter>
    </ClCompile>
    <ClCompile Include="CMUgraphicsLib\jpeg\jdtrans.c">
      <Filter>CMUgraphicsLib\JPEG</Filter>
    </ClCompile>
    <ClCompile Include="CMUgraphicsLib\jpeg\jerror.c">
      <Filter>CMUgraphicsLib\JPEG</Filter>
    </ClCompile>
    <ClCompile Include="CMUgraphicsLib\jpeg\jidctflt.c">
      <Filter>CMUgraphicsLib\JPEG</Filter>
    </ClCompile>
    <ClCompile Include="CMUgraphicsLib\jpeg\jidctfst.c">
      <Filter>CMUgraphicsLib\JPEG</Filter>
    </ClCompile>
    <ClCompile Include="CMUgraphicsLib\jpeg\jidctint.c">
      <Filter>CMUgraphicsLib\JPEG</Filter>
    </ClCompile>
    <ClCompile Include="CMUgraphicsLib\jpeg\jidctred.c">
      <Filter>CMUgraphicsLib\JPEG</Filter>
    </ClCompile>
    <ClCompile Include="CMUgraphicsLib\jpeg\jmemmgr.c">
      <Filter>CMUgraphicsLib\JPEG</Filter>
    </ClCompile>
    <ClCompile Include="CMUgraphicsLib\jpeg\jmemnobs.c">
      <Filter>CMUgraphicsLib\JPEG</Filter>
    </ClCompile>
    <ClCompile Include="CMUgraphicsLib\jpeg\jquant1.c">
      <Filter>CMUgraphicsLib\JPEG</Filter>
    </ClCompile>
    <ClCompile Include="CMUgraphicsLib\jpeg\jquant2.c">
      <Filter>CMUgraphicsLib\JPEG</Filter>
    </ClCompile>
    <ClCompile Include="CMUgraphicsLib\jpeg\jutils.c">
      <Filter>CMUgraphicsLib\JPEG</Filter>
    </ClCompile>
    <ClCompile Include="CMUgraphicsLib\colors.cpp">
      <Filter>CMUgraphicsLib</Filter>
    </ClCompile>
    <ClCompile Include="Input.cpp">
      <Filter>GUIClasses</Filter>
    </ClCompile>
    <ClCompile Include="Output.cpp">
      <Filter>GUIClasses</Filter>
    </ClCompile>
    <ClCompile Include="CellPosition.cpp">
      <Filter>GUIClasses</Filter>
    </ClCompile>
    <ClCompile Include="TestCode.cpp" />
    <ClCompile Include="Main.cpp" />
    <ClCompile Include="Action.cpp">
      <Filter>ActionImps</Filter>
    </ClCompile>
    <ClCompile Include="AddBeltAction.cpp">
      <Filter>ActionImps</Filter>
    </ClCompile>
    <ClCompile Include="AddFlagAction.cpp">
      <Filter>ActionImps</Filter>
    </ClCompile>
    <ClCompile Include="AddRotatingGearAction.cpp">
      <Filter>ActionImps</Filter>
    </ClCompile>
    <ClCompile Include="SwitchToDesignModeAction.cpp">
      <Filter>ActionImps</Filter>
    </ClCompile>
    <ClCompile Include="SwitchToPlayModeAction.cpp">
      <Filter>ActionImps</Filter>
    </ClCompile>
    <ClCompile Include="Antenna.cpp">
      <Filter>GameObjectImps</Filter>
    </ClCompile>
    <ClCompile Include="Belt.cpp">
      <Filter>GameObjectImps</Filter>
    </ClCompile>
    <ClCompile Include="DangerZone.cpp">
      <Filter>GameObjectImps</Filter>
    </ClCompile>
    <ClCompile Include="Flag.cpp">
      <Filter>GameObjectImps</Filter>
    </ClCompile>
    <ClCompile Include="GameObject.cpp">
      <Filter>GameObjectImps</Filter>
    </ClCompile>
    <ClCompile Include="RotatingGear.cpp">
      <Filter>GameObjectImps</Filter>
    </ClCompile>
    <ClCompile Include="WaterPit.cpp">
      <Filter>GameObjectImps</Filter>
    </ClCompile>
    <ClCompile Include="Workshop.cpp">
      <Filter>GameObjectImps</Filter>
    </ClCompile>
    <ClCompile Include="ApplicationManager.cpp">
      <Filter>Util</Filter>
    </ClCompile>
    <ClCompile Include="Cell.cpp">
      <Filter>Util</Filter>
    </ClCompile>
    <ClCompile Include="GameState.cpp">
      <Filter>Util</Filter>
    </ClCompile>
    <ClCompile Include="Grid.cpp">
      <Filter>Util</Filter>
    </ClCompile>
    <ClCompile Include="Player.cpp">
      <Filter>Util</Filter>
    </ClCompile>
    <ClCompile Include="CopyObjectAction.cpp">
      <Filter>ActionImps</Filter>
    </ClCompile>
  </ItemGroup>
  <ItemGroup>
    <ClInclude Include="CMUgraphicsLib\auxil.h">
      <Filter>CMUgraphicsLib</Filter>
    </ClInclude>
    <ClInclude Include="CMUgraphicsLib\CMUgraphics.h">
      <Filter>CMUgraphicsLib</Filter>
    </ClInclude>
    <ClInclude Include="CMUgraphicsLib\colors.h">
      <Filter>CMUgraphicsLib</Filter>
    </ClInclude>
    <ClInclude Include="CMUgraphicsLib\error.h">
      <Filter>CMUgraphicsLib</Filter>
    </ClInclude>
    <ClInclude Include="CMUgraphicsLib\image.h">
      <Filter>CMUgraphicsLib</Filter>
    </ClInclude>
    <ClInclude Include="CMUgraphicsLib\jpegload.h">
      <Filter>CMUgraphicsLib</Filter>
    </ClInclude>
    <ClInclude Include="CMUgraphicsLib\keyqueue.h">
      <Filter>CMUgraphicsLib</Filter>
    </ClInclude>
    <ClInclude Include="CMUgraphicsLib\mousequeue.h">
      <Filter>CMUgraphicsLib</Filter>
    </ClInclude>
    <ClInclude Include="CMUgraphicsLib\version.h">
      <Filter>CMUgraphicsLib</Filter>
    </ClInclude>
    <ClInclude Include="CMUgraphicsLib\windowinput.h">
      <Filter>CMUgraphicsLib</Filter>
    </ClInclude>
    <ClInclude Include="CMUgraphicsLib\jpeg\jconfig.h">
      <Filter>CMUgraphicsLib\JPEG</Filter>
    </ClInclude>
    <ClInclude Include="CMUgraphicsLib\jpeg\jdct.h">
      <Filter>CMUgraphicsLib\JPEG</Filter>
    </ClInclude>
    <ClInclude Include="CMUgraphicsLib\jpeg\jdhuff.h">
      <Filter>CMUgraphicsLib\JPEG</Filter>
    </ClInclude>
    <ClInclude Include="CMUgraphicsLib\jpeg\jerror.h">
      <Filter>CMUgraphicsLib\JPEG</Filter>
    </ClInclude>
    <ClInclude Include="CMUgraphicsLib\jpeg\jinclude.h">
      <Filter>CMUgraphicsLib\JPEG</Filter>
    </ClInclude>
    <ClInclude Include="CMUgraphicsLib\jpeg\jmemsys.h">
      <Filter>CMUgraphicsLib\JPEG</Filter>
    </ClInclude>
    <ClInclude Include="CMUgraphicsLib\jpeg\jmorecfg.h">
      <Filter>CMUgraphicsLib\JPEG</Filter>
    </ClInclude>
    <ClInclude Include="CMUgraphicsLib\jpeg\jpegint.h">
      <Filter>CMUgraphicsLib\JPEG</Filter>
    </ClInclude>
    <ClInclude Include="CMUgraphicsLib\jpeg\jpeglib.h">
      <Filter>CMUgraphicsLib\JPEG</Filter>
    </ClInclude>
    <ClInclude Include="CMUgraphicsLib\jpeg\jversion.h">
      <Filter>CMUgraphicsLib\JPEG</Filter>
    </ClInclude>
    <ClInclude Include="DEFS.h" />
    <ClInclude Include="Input.h">
      <Filter>GUIClasses</Filter>
    </ClInclude>
    <ClInclude Include="Output.h">
      <Filter>GUIClasses</Filter>
    </ClInclude>
    <ClInclude Include="UI_Info.h">
      <Filter>GUIClasses</Filter>
    </ClInclude>
    <ClInclude Include="CellPosition.h">
      <Filter>GUIClasses</Filter>
    </ClInclude>
    <ClInclude Include="Action.h">
      <Filter>ActionHeaders</Filter>
    </ClInclude>
    <ClInclude Include="AddBeltAction.h">
      <Filter>ActionHeaders</Filter>
    </ClInclude>
    <ClInclude Include="AddFlagAction.h">
      <Filter>ActionHeaders</Filter>
    </ClInclude>
    <ClInclude Include="AddRotatingGearAction.h">
      <Filter>ActionHeaders</Filter>
    </ClInclude>
    <ClInclude Include="SwitchToPlayModeAction.h">
      <Filter>ActionHeaders</Filter>
    </ClInclude>
    <ClInclude Include="SwitchToDesignModeAction.h">
      <Filter>ActionHeaders</Filter>
    </ClInclude>
    <ClInclude Include="Antenna.h">
      <Filter>GameObjectHeaders</Filter>
    </ClInclude>
    <ClInclude Include="Belt.h">
      <Filter>GameObjectHeaders</Filter>
    </ClInclude>
    <ClInclude Include="DangerZone.h">
      <Filter>GameObjectHeaders</Filter>
    </ClInclude>
    <ClInclude Include="Flag.h">
      <Filter>GameObjectHeaders</Filter>
    </ClInclude>
    <ClInclude Include="RotatingGear.h">
      <Filter>GameObjectHeaders</Filter>
    </ClInclude>
    <ClInclude Include="Workshop.h">
      <Filter>GameObjectHeaders</Filter>
    </ClInclude>
    <ClInclude Include="WaterPit.h">
      <Filter>GameObjectHeaders</Filter>
    </ClInclude>
    <ClInclude Include="GameObject.h">
      <Filter>GameObjectHeaders</Filter>
    </ClInclude>
    <ClInclude Include="ApplicationManager.h">
      <Filter>Util</Filter>
    </ClInclude>
    <ClInclude Include="Cell.h">
      <Filter>Util</Filter>
    </ClInclude>
    <ClInclude Include="GameState.h">
      <Filter>Util</Filter>
    </ClInclude>
    <ClInclude Include="Grid.h">
      <Filter>Util</Filter>
    </ClInclude>
    <ClInclude Include="Player.h">
      <Filter>Util</Filter>
    </ClInclude>
  </ItemGroup>
</Project>